Microsoft Visual Studio Solution File, Format Version 12.00
# Visual Studio Version 17
VisualStudioVersion = 17.5.2.0
MinimumVisualStudioVersion = 10.0.40219.1
Project("{FAE04EC0-301F-11D3-BF4B-00C04F79EFBC}") = "Strategy Pattern", "Strategy Pattern\Strategy Pattern.csproj", "{BC1A9B47-20DF-B6DB-59ED-96A4ED8846B9}"
EndProject
Global
	GlobalSection(SolutionConfigurationPlatforms) = preSolution
		Debug|Any CPU = Debug|Any CPU
		Release|Any CPU = Release|Any CPU
	EndGlobalSection
	GlobalSection(ProjectConfigurationPlatforms) = postSolution
		{BC1A9B47-20DF-B6DB-59ED-96A4ED8846B9}.Debug|Any CPU.ActiveCfg = Debug|Any CPU
		{BC1A9B47-20DF-B6DB-59ED-96A4ED8846B9}.Debug|Any CPU.Build.0 = Debug|Any CPU
		{BC1A9B47-20DF-B6DB-59ED-96A4ED8846B9}.Release|Any CPU.ActiveCfg = Release|Any CPU
		{BC1A9B47-20DF-B6DB-59ED-96A4ED8846B9}.Release|Any CPU.Build.0 = Release|Any CPU
	EndGlobalSection
	GlobalSection(SolutionProperties) = preSolution
		HideSolutionNode = FALSE
	EndGlobalSection
	GlobalSection(ExtensibilityGlobals) = postSolution
		SolutionGuid = {479EBE93-24ED-4DF6-99A5-EC2FBF86DE28}
	EndGlobalSection
EndGlobal
